
Microsoft Visual Studio Solution File, Format Version 12.00
# Visual Studio Version 17
VisualStudioVersion = 17.7.34031.279
MinimumVisualStudioVersion = 10.0.40219.1
Project("{9A19103F-16F7-4668-BE54-9A1E7A4F7556}") = "ECDsa-2019-Cryptosuite", "ECDsa-2019-Cryptosuite\ECDsa-2019-Cryptosuite.csproj", "{8880A8F6-ED6B-4DA0-84B2-EA386A775053}"
EndProject
Project("{2150E333-8FDC-42A3-9474-1A3956D46DE8}") = "src", "src", "{4EFA53F7-AE37-4773-9D96-5F1586DC8570}"
EndProject
Project("{2150E333-8FDC-42A3-9474-1A3956D46DE8}") = "tests", "tests", "{E386AF73-CFD4-476A-AA52-ED093E6A155F}"
EndProject
Project("{9A19103F-16F7-4668-BE54-9A1E7A4F7556}") = "ECDsa-Multikey", "ECDsa-Multikey\ECDsa-Multikey.csproj", "{9752FE42-33D7-4CD0-93C9-F37B27CE22D0}"
EndProject
Project("{9A19103F-16F7-4668-BE54-9A1E7A4F7556}") = "JsonLdSignatures", "JsonLdSignatures\JsonLdSignatures.csproj", "{6231B1E7-8F6D-4721-9DD8-19CC799BE318}"
EndProject
Project("{FAE04EC0-301F-11D3-BF4B-00C04F79EFBC}") = "DataIntegrity", "DataIntegrity\DataIntegrity.csproj", "{0BEE4E04-C41D-4B13-9A12-4298BDC0A757}"
EndProject
Project("{FAE04EC0-301F-11D3-BF4B-00C04F79EFBC}") = "Cryptosuite", "Cryptosuite\Cryptosuite.csproj", "{DDA33EEC-6968-416A-9C05-FABA3601D5E8}"
EndProject
Global
	GlobalSection(SolutionConfigurationPlatforms) = preSolution
		Debug|Any CPU = Debug|Any CPU
		Release|Any CPU = Release|Any CPU
	EndGlobalSection
	GlobalSection(ProjectConfigurationPlatforms) = postSolution
		{8880A8F6-ED6B-4DA0-84B2-EA386A775053}.Debug|Any CPU.ActiveCfg = Debug|Any CPU
		{8880A8F6-ED6B-4DA0-84B2-EA386A775053}.Debug|Any CPU.Build.0 = Debug|Any CPU
		{8880A8F6-ED6B-4DA0-84B2-EA386A775053}.Release|Any CPU.ActiveCfg = Release|Any CPU
		{8880A8F6-ED6B-4DA0-84B2-EA386A775053}.Release|Any CPU.Build.0 = Release|Any CPU
		{9752FE42-33D7-4CD0-93C9-F37B27CE22D0}.Debug|Any CPU.ActiveCfg = Debug|Any CPU
		{9752FE42-33D7-4CD0-93C9-F37B27CE22D0}.Debug|Any CPU.Build.0 = Debug|Any CPU
		{9752FE42-33D7-4CD0-93C9-F37B27CE22D0}.Release|Any CPU.ActiveCfg = Release|Any CPU
		{9752FE42-33D7-4CD0-93C9-F37B27CE22D0}.Release|Any CPU.Build.0 = Release|Any CPU
		{6231B1E7-8F6D-4721-9DD8-19CC799BE318}.Debug|Any CPU.ActiveCfg = Debug|Any CPU
		{6231B1E7-8F6D-4721-9DD8-19CC799BE318}.Debug|Any CPU.Build.0 = Debug|Any CPU
		{6231B1E7-8F6D-4721-9DD8-19CC799BE318}.Release|Any CPU.ActiveCfg = Release|Any CPU
		{6231B1E7-8F6D-4721-9DD8-19CC799BE318}.Release|Any CPU.Build.0 = Release|Any CPU
		{0BEE4E04-C41D-4B13-9A12-4298BDC0A757}.Debug|Any CPU.ActiveCfg = Debug|Any CPU
		{0BEE4E04-C41D-4B13-9A12-4298BDC0A757}.Debug|Any CPU.Build.0 = Debug|Any CPU
		{0BEE4E04-C41D-4B13-9A12-4298BDC0A757}.Release|Any CPU.ActiveCfg = Release|Any CPU
		{0BEE4E04-C41D-4B13-9A12-4298BDC0A757}.Release|Any CPU.Build.0 = Release|Any CPU
		{DDA33EEC-6968-416A-9C05-FABA3601D5E8}.Debug|Any CPU.ActiveCfg = Debug|Any CPU
		{DDA33EEC-6968-416A-9C05-FABA3601D5E8}.Debug|Any CPU.Build.0 = Debug|Any CPU
		{DDA33EEC-6968-416A-9C05-FABA3601D5E8}.Release|Any CPU.ActiveCfg = Release|Any CPU
		{DDA33EEC-6968-416A-9C05-FABA3601D5E8}.Release|Any CPU.Build.0 = Release|Any CPU
	EndGlobalSection
	GlobalSection(SolutionProperties) = preSolution
		HideSolutionNode = FALSE
	EndGlobalSection
	GlobalSection(NestedProjects) = preSolution
		{8880A8F6-ED6B-4DA0-84B2-EA386A775053} = {4EFA53F7-AE37-4773-9D96-5F1586DC8570}
		{9752FE42-33D7-4CD0-93C9-F37B27CE22D0} = {4EFA53F7-AE37-4773-9D96-5F1586DC8570}
		{6231B1E7-8F6D-4721-9DD8-19CC799BE318} = {4EFA53F7-AE37-4773-9D96-5F1586DC8570}
		{0BEE4E04-C41D-4B13-9A12-4298BDC0A757} = {4EFA53F7-AE37-4773-9D96-5F1586DC8570}
		{DDA33EEC-6968-416A-9C05-FABA3601D5E8} = {4EFA53F7-AE37-4773-9D96-5F1586DC8570}
	EndGlobalSection
	GlobalSection(ExtensibilityGlobals) = postSolution
		SolutionGuid = {9A3D950E-DB13-4C5A-B5FF-FEDB23EA85D5}
	EndGlobalSection
EndGlobal
